{
  "version": 4,
  "terraform_version": "1.3.3",
  "serial": 72,
  "lineage": "5d7fdd80-e7b1-a746-9bb3-efe828cc76bf",
  "outputs": {},
  "resources": [
    {
      "mode": "managed",
      "type": "google_compute_firewall",
      "name": "allow-ssh",
      "provider": "provider[\"registry.terraform.io/hashicorp/google\"]",
      "instances": [
        {
          "schema_version": 1,
          "attributes": {
            "allow": [
              {
                "ports": [
                  "22",
                  "443"
                ],
                "protocol": "tcp"
              }
            ],
            "creation_timestamp": "2022-10-30T04:38:38.033-07:00",
            "deny": [],
            "description": "Creates firewall rule to allow ssh port from IAP ",
            "destination_ranges": [],
            "direction": "INGRESS",
            "disabled": false,
            "enable_logging": null,
            "id": "projects/mostafa-ahmed-gomaa/global/firewalls/allow-ssh-1",
            "log_config": [],
            "name": "allow-ssh-1",
            "network": "https://www.googleapis.com/compute/v1/projects/mostafa-ahmed-gomaa/global/networks/task-vpc",
            "priority": 1000,
            "project": "mostafa-ahmed-gomaa",
            "self_link": "https://www.googleapis.com/compute/v1/projects/mostafa-ahmed-gomaa/global/firewalls/allow-ssh-1",
            "source_ranges": [
              "35.235.240.0/20"
            ],
            "source_service_accounts": [],
            "source_tags": [],
            "target_service_accounts": [],
            "target_tags": [],
            "timeouts": null
          },
          "sensitive_attributes": [],
          "private": "eyJlMmJmYjczMC1lY2FhLTExZTYtOGY4OC0zNDM2M2JjN2M0YzAiOnsiY3JlYXRlIjoxMjAwMDAwMDAwMDAwLCJkZWxldGUiOjEyMDAwMDAwMDAwMDAsInVwZGF0ZSI6MTIwMDAwMDAwMDAwMH0sInNjaGVtYV92ZXJzaW9uIjoiMSJ9",
          "dependencies": [
            "module.gcp-network.google_compute_network.task-vpc",
            "module.gcp-network.google_compute_router.nat-router",
            "module.gcp-network.google_compute_router_nat.nat-1",
            "module.gcp-network.google_compute_subnetwork.subnet-1",
            "module.gcp-network.google_compute_subnetwork.subnet-2"
          ]
        }
      ]
    },
    {
      "mode": "managed",
      "type": "google_compute_firewall",
      "name": "deny-all",
      "provider": "provider[\"registry.terraform.io/hashicorp/google\"]",
      "instances": [
        {
          "schema_version": 1,
          "attributes": {
            "allow": [],
            "creation_timestamp": "2022-10-30T04:38:37.994-07:00",
            "deny": [
              {
                "ports": [],
                "protocol": "all"
              }
            ],
            "description": "Creates firewall rule to deny all protcols",
            "destination_ranges": [
              "0.0.0.0/0"
            ],
            "direction": "EGRESS",
            "disabled": false,
            "enable_logging": null,
            "id": "projects/mostafa-ahmed-gomaa/global/firewalls/deny-all-1",
            "log_config": [],
            "name": "deny-all-1",
            "network": "https://www.googleapis.com/compute/v1/projects/mostafa-ahmed-gomaa/global/networks/task-vpc",
            "priority": 1000,
            "project": "mostafa-ahmed-gomaa",
            "self_link": "https://www.googleapis.com/compute/v1/projects/mostafa-ahmed-gomaa/global/firewalls/deny-all-1",
            "source_ranges": [
              "10.0.9.0/24"
            ],
            "source_service_accounts": [],
            "source_tags": [],
            "target_service_accounts": [],
            "target_tags": [],
            "timeouts": null
          },
          "sensitive_attributes": [],
          "private": "eyJlMmJmYjczMC1lY2FhLTExZTYtOGY4OC0zNDM2M2JjN2M0YzAiOnsiY3JlYXRlIjoxMjAwMDAwMDAwMDAwLCJkZWxldGUiOjEyMDAwMDAwMDAwMDAsInVwZGF0ZSI6MTIwMDAwMDAwMDAwMH0sInNjaGVtYV92ZXJzaW9uIjoiMSJ9",
          "dependencies": [
            "module.gcp-network.google_compute_network.task-vpc",
            "module.gcp-network.google_compute_router.nat-router",
            "module.gcp-network.google_compute_router_nat.nat-1",
            "module.gcp-network.google_compute_subnetwork.subnet-1",
            "module.gcp-network.google_compute_subnetwork.subnet-2"
          ]
        }
      ]
    },
    {
      "mode": "managed",
      "type": "google_compute_instance",
      "name": "management-instance",
      "provider": "provider[\"registry.terraform.io/hashicorp/google\"]",
      "instances": [
        {
          "schema_version": 6,
          "attributes": {
            "advanced_machine_features": [],
            "allow_stopping_for_update": true,
            "attached_disk": [],
            "boot_disk": [
              {
                "auto_delete": true,
                "device_name": "persistent-disk-0",
                "disk_encryption_key_raw": "",
                "disk_encryption_key_sha256": "",
                "initialize_params": [
                  {
                    "image": "https://www.googleapis.com/compute/v1/projects/ubuntu-os-cloud/global/images/ubuntu-2204-jammy-v20221018",
                    "labels": {},
                    "size": 50,
                    "type": "pd-standard"
                  }
                ],
                "kms_key_self_link": "",
                "mode": "READ_WRITE",
                "source": "https://www.googleapis.com/compute/v1/projects/mostafa-ahmed-gomaa/zones/us-central1-a/disks/management-ce"
              }
            ],
            "can_ip_forward": false,
            "confidential_instance_config": [],
            "cpu_platform": "Intel Broadwell",
            "current_status": "RUNNING",
            "deletion_protection": false,
            "description": "",
            "desired_status": null,
            "enable_display": false,
            "guest_accelerator": [],
            "hostname": "",
            "id": "projects/mostafa-ahmed-gomaa/zones/us-central1-a/instances/management-ce",
            "instance_id": "873815136827333133",
            "label_fingerprint": "42WmSpB8rSM=",
            "labels": {},
            "machine_type": "e2-micro",
            "metadata": {},
            "metadata_fingerprint": "FU2kyhY6pHU=",
            "metadata_startup_script": null,
            "min_cpu_platform": "",
            "name": "management-ce",
            "network_interface": [
              {
                "access_config": [],
                "alias_ip_range": [],
                "ipv6_access_config": [],
                "ipv6_access_type": "",
                "name": "nic0",
                "network": "https://www.googleapis.com/compute/v1/projects/mostafa-ahmed-gomaa/global/networks/task-vpc",
                "network_ip": "10.0.9.2",
                "nic_type": "",
                "queue_count": 0,
                "stack_type": "IPV4_ONLY",
                "subnetwork": "https://www.googleapis.com/compute/v1/projects/mostafa-ahmed-gomaa/regions/us-central1/subnetworks/management-subnet",
                "subnetwork_project": "mostafa-ahmed-gomaa"
              }
            ],
            "project": "mostafa-ahmed-gomaa",
            "reservation_affinity": [],
            "resource_policies": [],
            "scheduling": [
              {
                "automatic_restart": true,
                "instance_termination_action": "",
                "min_node_cpus": 0,
                "node_affinities": [],
                "on_host_maintenance": "MIGRATE",
                "preemptible": false,
                "provisioning_model": "STANDARD"
              }
            ],
            "scratch_disk": [],
            "self_link": "https://www.googleapis.com/compute/v1/projects/mostafa-ahmed-gomaa/zones/us-central1-a/instances/management-ce",
            "service_account": [
              {
                "email": "compute-engine-sa@mostafa-ahmed-gomaa.iam.gserviceaccount.com",
                "scopes": [
                  "https://www.googleapis.com/auth/cloud-platform"
                ]
              }
            ],
            "shielded_instance_config": [
              {
                "enable_integrity_monitoring": true,
                "enable_secure_boot": false,
                "enable_vtpm": true
              }
            ],
            "tags": [],
            "tags_fingerprint": "42WmSpB8rSM=",
            "timeouts": null,
            "zone": "us-central1-a"
          },
          "sensitive_attributes": [],
          "private": "eyJlMmJmYjczMC1lY2FhLTExZTYtOGY4OC0zNDM2M2JjN2M0YzAiOnsiY3JlYXRlIjoxMjAwMDAwMDAwMDAwLCJkZWxldGUiOjEyMDAwMDAwMDAwMDAsInVwZGF0ZSI6MTIwMDAwMDAwMDAwMH0sInNjaGVtYV92ZXJzaW9uIjoiNiJ9",
          "dependencies": [
            "google_container_cluster.private-cluster",
            "google_container_node_pool.node-pool",
            "google_service_account.ce_service_account",
            "google_service_account.gke_service_account",
            "module.gcp-network.google_compute_network.task-vpc",
            "module.gcp-network.google_compute_router.nat-router",
            "module.gcp-network.google_compute_router_nat.nat-1",
            "module.gcp-network.google_compute_subnetwork.subnet-1",
            "module.gcp-network.google_compute_subnetwork.subnet-2"
          ]
        }
      ]
    },
    {
      "mode": "managed",
      "type": "google_container_cluster",
      "name": "private-cluster",
      "provider": "provider[\"registry.terraform.io/hashicorp/google\"]",
      "instances": [
        {
          "schema_version": 1,
          "attributes": {
            "addons_config": [
              {
                "cloudrun_config": [],
                "dns_cache_config": [],
                "gce_persistent_disk_csi_driver_config": [
                  {
                    "enabled": true
                  }
                ],
                "gcp_filestore_csi_driver_config": [],
                "horizontal_pod_autoscaling": [],
                "http_load_balancing": [],
                "network_policy_config": [
                  {
                    "disabled": true
                  }
                ]
              }
            ],
            "authenticator_groups_config": [],
            "binary_authorization": [
              {
                "enabled": false,
                "evaluation_mode": ""
              }
            ],
            "cluster_autoscaling": [
              {
                "auto_provisioning_defaults": [],
                "enabled": false,
                "resource_limits": []
              }
            ],
            "cluster_ipv4_cidr": "10.136.0.0/14",
            "confidential_nodes": [],
            "database_encryption": [
              {
                "key_name": "",
                "state": "DECRYPTED"
              }
            ],
            "datapath_provider": "",
            "default_max_pods_per_node": 110,
            "default_snat_status": [
              {
                "disabled": false
              }
            ],
            "description": "",
            "dns_config": [],
            "enable_autopilot": false,
            "enable_binary_authorization": false,
            "enable_intranode_visibility": false,
            "enable_kubernetes_alpha": false,
            "enable_legacy_abac": false,
            "enable_shielded_nodes": true,
            "enable_tpu": false,
            "endpoint": "172.16.0.2",
            "id": "projects/mostafa-ahmed-gomaa/locations/us-central1-a/clusters/cluster-1",
            "initial_node_count": 1,
            "ip_allocation_policy": [
              {
                "cluster_ipv4_cidr_block": "10.136.0.0/14",
                "cluster_secondary_range_name": "gke-cluster-1-pods-034d4341",
                "services_ipv4_cidr_block": "10.140.0.0/20",
                "services_secondary_range_name": "gke-cluster-1-services-034d4341"
              }
            ],
            "label_fingerprint": "a9dc16a7",
            "location": "us-central1-a",
            "logging_config": [
              {
                "enable_components": [
                  "SYSTEM_COMPONENTS",
                  "WORKLOADS"
                ]
              }
            ],
            "logging_service": "logging.googleapis.com/kubernetes",
            "maintenance_policy": [],
            "master_auth": [
              {
                "client_certificate": "",
                "client_certificate_config": [
                  {
                    "issue_client_certificate": false
                  }
                ],
                "client_key": "",
                "cluster_ca_certificate": "LS0tLS1CRUdJTiBDRVJUSUZJQ0FURS0tLS0tCk1JSUVMRENDQXBTZ0F3SUJBZ0lRZkVZNGdFSTVsVlhSOG8rdGlwYktFREFOQmdrcWhraUc5dzBCQVFzRkFEQXYKTVMwd0t3WURWUVFERXlSaU5qazVNMlU0TkMwMllXUTJMVFJtTW1FdFltRmpNeTB4TkdNNU9UWmpOek13TVRndwpJQmNOTWpJeE1ETXdNVEF6T0RNNFdoZ1BNakExTWpFd01qSXhNVE00TXpoYU1DOHhMVEFyQmdOVkJBTVRKR0kyCk9Ua3paVGcwTFRaaFpEWXROR1l5WVMxaVlXTXpMVEUwWXprNU5tTTNNekF4T0RDQ0FhSXdEUVlKS29aSWh2Y04KQVFFQkJRQURnZ0dQQURDQ0FZb0NnZ0dCQU1saFpJTTVUQmZrNk5KV2pNci96RHhPeG9NUWZ5eTNYVFBBSElUKwp0dHJrajd3MGtZTmw4eWhFb1pmY2tqdzdmRFFvZ2VPNS9LeFRGejlUc2N5d0ZZcG1uMzRIbXJ2OHVvTG51OEwvCkpnLzA0dU5zdUdDOTdhTmpxd2dXN21BcDRRckZCcGdiSjFXTDVCeGRRYWc4UjI1eWlwMGlmL0JWSkVLZ2piTVUKeWNFZ3crZnVnRUc4aGx2SmRnNTZoTWJGMU5yTGlkQTNiMGMzeTg5cE10aWkyZEpTeThlckdISWFzWDM5aWFvdgpxQjhLa2NDRXErTTZTdzZLOVpycUtSZlI5eGM3NG05TWdiV1FIc2xhayswVXJjL2NsTW9lSkZveWxuYy9SWXlPCnFCcEttNnIybGkzMENVYlRTTk1NUkMrcWRHc1U1L0puQjBiWE5EYTZxdnBGMjZ4cXk3d2cvam1yekFKRGdNK0kKRFJWd3grRkNGNlNick13N3E3aHh4SHZpejZSek1nMldTYzFtREFEN2tvMVRnMERNcHY4dzVDRlQ4QmMzYXUxQQp5NFBzMm5taUNWTEl6OThNcTZTYkZ0aFVMZlJHZnNVb3RVaTdmMEVWTkgvOHplWi9NRW9jcWQ0ZkczS0NpVmtGCmtCaDAzVGR2b3VhdWVKNHl2R1pTM3h5Wmp3SURBUUFCbzBJd1FEQU9CZ05WSFE4QkFmOEVCQU1DQWdRd0R3WUQKVlIwVEFRSC9CQVV3QXdFQi96QWRCZ05WSFE0RUZnUVVLTkpIbG5KTlBMUGg0b1lLb0dtcTV0NXBvMEF3RFFZSgpLb1pJaHZjTkFRRUxCUUFEZ2dHQkFCNE5UWStNbTJ4Vmk5b3ZqVExVbDR0Vk9KRDR6bDNLZU5NOHFEU3RldkNqCmZSNitQaEM3Mm14RlZqM3BjTTJ4WkRwZWtlVDJXcGpHRG1qN2hwdkZFQ1J5cTJ0cG5lUTJnbWVjNXdlSXNSS0IKSUJ5SFFmemptVUY1RHV2dnJnekR5bFBlaTNocWJDYnZvdjNNUEd1b1JSV3orMzE0SXNKS0dMNkJjWE9Dc1U0NQpJU0pSMHFGK3hVY1JqaGt5aVpZNUxiY0NnU1hiSWYvZ0FHTEhWMXh0S1A4M29tbVV0Sy8yeURTbkt1ZWZlSWhuClRxcWxtRHBHaWFnSjBIVHRGN2dXaXBtRWdzNWZRNm1lSkFvMldqcm9ZdUVDTHk5MEhiT2J6Q0V0b25IelB4RXoKSFlEcjduOWV6dVM0Qjd1NmVCbFhKWmhaQnFwT21VQUZ0bVViY084c0wwVVlRR0dENWlKeXRKOWsyd3pMY0ZOagpPRFp4SDZ3Mitnc0F5VTZ1TTQ1c2o5WEVWZS9rYzh5aGdlcHNsOW5KeXBPdG51UkpCQ3REOGdhMmgwQWQvREhFClRZc1RLRmdzcU13R3lpWlZWRmhmb3M2MW5qdFBEdjh4YzhOZzd5aUdIdWUvQUxRcGFkajU4TUNDSFF0N0tPb0wKdEVoMHdhMXZ5ZkZwVXVZUmc1d3ZhZz09Ci0tLS0tRU5EIENFUlRJRklDQVRFLS0tLS0K"
              }
            ],
            "master_authorized_networks_config": [
              {
                "cidr_blocks": [
                  {
                    "cidr_block": "10.0.9.0/24",
                    "display_name": "management-cidr"
                  }
                ]
              }
            ],
            "master_version": "1.22.12-gke.2300",
            "mesh_certificates": [],
            "min_master_version": null,
            "monitoring_config": [
              {
                "enable_components": [
                  "SYSTEM_COMPONENTS"
                ]
              }
            ],
            "monitoring_service": "monitoring.googleapis.com/kubernetes",
            "name": "cluster-1",
            "network": "projects/mostafa-ahmed-gomaa/global/networks/task-vpc",
            "network_policy": [
              {
                "enabled": false,
                "provider": "PROVIDER_UNSPECIFIED"
              }
            ],
            "networking_mode": "VPC_NATIVE",
            "node_config": [
              {
                "boot_disk_kms_key": "",
                "disk_size_gb": 30,
                "disk_type": "pd-standard",
                "gcfs_config": [],
                "guest_accelerator": [],
                "gvnic": [],
                "image_type": "COS_CONTAINERD",
                "labels": {},
                "local_ssd_count": 0,
                "machine_type": "e2-micro",
                "metadata": {
                  "disable-legacy-endpoints": "true"
                },
                "min_cpu_platform": "",
                "node_group": "",
                "oauth_scopes": [
                  "https://www.googleapis.com/auth/devstorage.read_only",
                  "https://www.googleapis.com/auth/logging.write",
                  "https://www.googleapis.com/auth/monitoring"
                ],
                "preemptible": true,
                "reservation_affinity": [],
                "service_account": "gke-sa@mostafa-ahmed-gomaa.iam.gserviceaccount.com",
                "shielded_instance_config": [
                  {
                    "enable_integrity_monitoring": true,
                    "enable_secure_boot": false
                  }
                ],
                "spot": false,
                "tags": [],
                "taint": [],
                "workload_metadata_config": []
              }
            ],
            "node_locations": [],
            "node_pool": [
              {
                "autoscaling": [],
                "initial_node_count": 2,
                "instance_group_urls": [
                  "https://www.googleapis.com/compute/v1/projects/mostafa-ahmed-gomaa/zones/us-central1-a/instanceGroupManagers/gke-cluster-1-node-pool-a73be72f-grp"
                ],
                "managed_instance_group_urls": [
                  "https://www.googleapis.com/compute/v1/projects/mostafa-ahmed-gomaa/zones/us-central1-a/instanceGroups/gke-cluster-1-node-pool-a73be72f-grp"
                ],
                "management": [
                  {
                    "auto_repair": true,
                    "auto_upgrade": true
                  }
                ],
                "max_pods_per_node": 110,
                "name": "node-pool",
                "name_prefix": "",
                "node_config": [
                  {
                    "boot_disk_kms_key": "",
                    "disk_size_gb": 30,
                    "disk_type": "pd-standard",
                    "gcfs_config": [],
                    "guest_accelerator": [],
                    "gvnic": [],
                    "image_type": "COS_CONTAINERD",
                    "labels": {},
                    "local_ssd_count": 0,
                    "machine_type": "e2-micro",
                    "metadata": {
                      "disable-legacy-endpoints": "true"
                    },
                    "min_cpu_platform": "",
                    "node_group": "",
                    "oauth_scopes": [
                      "https://www.googleapis.com/auth/devstorage.read_only",
                      "https://www.googleapis.com/auth/logging.write",
                      "https://www.googleapis.com/auth/monitoring"
                    ],
                    "preemptible": true,
                    "reservation_affinity": [],
                    "service_account": "gke-sa@mostafa-ahmed-gomaa.iam.gserviceaccount.com",
                    "shielded_instance_config": [
                      {
                        "enable_integrity_monitoring": true,
                        "enable_secure_boot": false
                      }
                    ],
                    "spot": false,
                    "tags": [],
                    "taint": [],
                    "workload_metadata_config": []
                  }
                ],
                "node_count": 2,
                "node_locations": [
                  "us-central1-a"
                ],
                "upgrade_settings": [
                  {
                    "max_surge": 1,
                    "max_unavailable": 0
                  }
                ],
                "version": "1.22.12-gke.2300"
              }
            ],
            "node_version": "1.22.12-gke.2300",
            "notification_config": [
              {
                "pubsub": [
                  {
                    "enabled": false,
                    "filter": [],
                    "topic": ""
                  }
                ]
              }
            ],
            "operation": null,
            "private_cluster_config": [
              {
                "enable_private_endpoint": true,
                "enable_private_nodes": true,
                "master_global_access_config": [
                  {
                    "enabled": false
                  }
                ],
                "master_ipv4_cidr_block": "172.16.0.0/28",
                "peering_name": "gke-n2f31e843292fc9a1ef1-cd93-be29-peer",
                "private_endpoint": "172.16.0.2",
                "public_endpoint": "34.69.12.56"
              }
            ],
            "private_ipv6_google_access": "",
            "project": "mostafa-ahmed-gomaa",
            "release_channel": [
              {
                "channel": "REGULAR"
              }
            ],
            "remove_default_node_pool": true,
            "resource_labels": {},
            "resource_usage_export_config": [],
            "self_link": "https://container.googleapis.com/v1/projects/mostafa-ahmed-gomaa/zones/us-central1-a/clusters/cluster-1",
            "service_external_ips_config": [
              {
                "enabled": false
              }
            ],
            "services_ipv4_cidr": "10.140.0.0/20",
            "subnetwork": "projects/mostafa-ahmed-gomaa/regions/us-central1/subnetworks/restricted-subnet",
            "timeouts": null,
            "tpu_ipv4_cidr_block": "",
            "vertical_pod_autoscaling": [],
            "workload_identity_config": []
          },
          "sensitive_attributes": [],
          "private": "eyJlMmJmYjczMC1lY2FhLTExZTYtOGY4OC0zNDM2M2JjN2M0YzAiOnsiY3JlYXRlIjoyNDAwMDAwMDAwMDAwLCJkZWxldGUiOjI0MDAwMDAwMDAwMDAsInJlYWQiOjI0MDAwMDAwMDAwMDAsInVwZGF0ZSI6MzYwMDAwMDAwMDAwMH0sInNjaGVtYV92ZXJzaW9uIjoiMSJ9",
          "dependencies": [
            "module.gcp-network.google_compute_network.task-vpc",
            "module.gcp-network.google_compute_router.nat-router",
            "module.gcp-network.google_compute_router_nat.nat-1",
            "module.gcp-network.google_compute_subnetwork.subnet-1",
            "module.gcp-network.google_compute_subnetwork.subnet-2"
          ]
        }
      ]
    },
    {
      "mode": "managed",
      "type": "google_container_node_pool",
      "name": "node-pool",
      "provider": "provider[\"registry.terraform.io/hashicorp/google\"]",
      "instances": [
        {
          "schema_version": 1,
          "attributes": {
            "autoscaling": [],
            "cluster": "projects/mostafa-ahmed-gomaa/locations/us-central1-a/clusters/cluster-1",
            "id": "projects/mostafa-ahmed-gomaa/locations/us-central1-a/clusters/cluster-1/nodePools/node-pool",
            "initial_node_count": 2,
            "instance_group_urls": [
              "https://www.googleapis.com/compute/v1/projects/mostafa-ahmed-gomaa/zones/us-central1-a/instanceGroupManagers/gke-cluster-1-node-pool-a73be72f-grp"
            ],
            "location": "us-central1-a",
            "managed_instance_group_urls": [
              "https://www.googleapis.com/compute/v1/projects/mostafa-ahmed-gomaa/zones/us-central1-a/instanceGroups/gke-cluster-1-node-pool-a73be72f-grp"
            ],
            "management": [
              {
                "auto_repair": true,
                "auto_upgrade": true
              }
            ],
            "max_pods_per_node": 110,
            "name": "node-pool",
            "name_prefix": "",
            "node_config": [
              {
                "boot_disk_kms_key": "",
                "disk_size_gb": 30,
                "disk_type": "pd-standard",
                "gcfs_config": [],
                "guest_accelerator": [],
                "gvnic": [],
                "image_type": "COS_CONTAINERD",
                "labels": {},
                "local_ssd_count": 0,
                "machine_type": "e2-micro",
                "metadata": {
                  "disable-legacy-endpoints": "true"
                },
                "min_cpu_platform": "",
                "node_group": "",
                "oauth_scopes": [
                  "https://www.googleapis.com/auth/devstorage.read_only",
                  "https://www.googleapis.com/auth/logging.write",
                  "https://www.googleapis.com/auth/monitoring"
                ],
                "preemptible": true,
                "reservation_affinity": [],
                "service_account": "gke-sa@mostafa-ahmed-gomaa.iam.gserviceaccount.com",
                "shielded_instance_config": [
                  {
                    "enable_integrity_monitoring": true,
                    "enable_secure_boot": false
                  }
                ],
                "spot": false,
                "tags": [],
                "taint": [],
                "workload_metadata_config": []
              }
            ],
            "node_count": 2,
            "node_locations": [
              "us-central1-a"
            ],
            "operation": null,
            "project": "mostafa-ahmed-gomaa",
            "timeouts": null,
            "upgrade_settings": [
              {
                "max_surge": 1,
                "max_unavailable": 0
              }
            ],
            "version": "1.22.12-gke.2300"
          },
          "sensitive_attributes": [],
          "private": "eyJlMmJmYjczMC1lY2FhLTExZTYtOGY4OC0zNDM2M2JjN2M0YzAiOnsiY3JlYXRlIjoxODAwMDAwMDAwMDAwLCJkZWxldGUiOjE4MDAwMDAwMDAwMDAsInVwZGF0ZSI6MTgwMDAwMDAwMDAwMH0sInNjaGVtYV92ZXJzaW9uIjoiMSJ9",
          "dependencies": [
            "google_container_cluster.private-cluster",
            "google_service_account.gke_service_account",
            "module.gcp-network.google_compute_network.task-vpc",
            "module.gcp-network.google_compute_router.nat-router",
            "module.gcp-network.google_compute_router_nat.nat-1",
            "module.gcp-network.google_compute_subnetwork.subnet-1",
            "module.gcp-network.google_compute_subnetwork.subnet-2"
          ]
        }
      ]
    },
    {
      "mode": "managed",
      "type": "google_project_iam_binding",
      "name": "GCR-RB",
      "provider": "provider[\"registry.terraform.io/hashicorp/google\"]",
      "instances": [
        {
          "schema_version": 0,
          "attributes": {
            "condition": [],
            "etag": "BwXsP7VEUBg=",
            "id": "mostafa-ahmed-gomaa/roles/storage.admin",
            "members": [
              "serviceAccount:gcr-sa@mostafa-ahmed-gomaa.iam.gserviceaccount.com"
            ],
            "project": "mostafa-ahmed-gomaa",
            "role": "roles/storage.admin"
          },
          "sensitive_attributes": [],
          "private": "bnVsbA==",
          "dependencies": [
            "google_service_account.GCR_SA"
          ]
        }
      ]
    },
    {
      "mode": "managed",
      "type": "google_project_iam_binding",
      "name": "ce_role",
      "provider": "provider[\"registry.terraform.io/hashicorp/google\"]",
      "instances": [
        {
          "schema_version": 0,
          "attributes": {
            "condition": [],
            "etag": "BwXsPuxW6Gc=",
            "id": "mostafa-ahmed-gomaa/roles/container.admin",
            "members": [
              "serviceAccount:compute-engine-sa@mostafa-ahmed-gomaa.iam.gserviceaccount.com"
            ],
            "project": "mostafa-ahmed-gomaa",
            "role": "roles/container.admin"
          },
          "sensitive_attributes": [],
          "private": "bnVsbA==",
          "dependencies": [
            "google_service_account.ce_service_account"
          ]
        }
      ]
    },
    {
      "mode": "managed",
      "type": "google_project_iam_binding",
      "name": "gke_role",
      "provider": "provider[\"registry.terraform.io/hashicorp/google\"]",
      "instances": [
        {
          "schema_version": 0,
          "attributes": {
            "condition": [],
            "etag": "BwXsPuxW6Gc=",
            "id": "mostafa-ahmed-gomaa/roles/storage.admin",
            "members": [
              "serviceAccount:gke-sa@mostafa-ahmed-gomaa.iam.gserviceaccount.com"
            ],
            "project": "mostafa-ahmed-gomaa",
            "role": "roles/storage.admin"
          },
          "sensitive_attributes": [],
          "private": "bnVsbA==",
          "dependencies": [
            "google_service_account.gke_service_account"
          ]
        }
      ]
    },
    {
      "mode": "managed",
      "type": "google_service_account",
      "name": "GCR_SA",
      "provider": "provider[\"registry.terraform.io/hashicorp/google\"]",
      "instances": [
        {
          "schema_version": 0,
          "attributes": {
            "account_id": "gcr-sa",
            "description": "",
            "disabled": false,
            "display_name": "GCR Service Account",
            "email": "gcr-sa@mostafa-ahmed-gomaa.iam.gserviceaccount.com",
            "id": "projects/mostafa-ahmed-gomaa/serviceAccounts/gcr-sa@mostafa-ahmed-gomaa.iam.gserviceaccount.com",
            "name": "projects/mostafa-ahmed-gomaa/serviceAccounts/gcr-sa@mostafa-ahmed-gomaa.iam.gserviceaccount.com",
            "project": "mostafa-ahmed-gomaa",
            "timeouts": null,
            "unique_id": "101889636908728908801"
          },
          "sensitive_attributes": [],
          "private": "eyJlMmJmYjczMC1lY2FhLTExZTYtOGY4OC0zNDM2M2JjN2M0YzAiOnsiY3JlYXRlIjozMDAwMDAwMDAwMDB9fQ=="
        }
      ]
    },
    {
      "mode": "managed",
      "type": "google_service_account",
      "name": "ce_service_account",
      "provider": "provider[\"registry.terraform.io/hashicorp/google\"]",
      "instances": [
        {
          "schema_version": 0,
          "attributes": {
            "account_id": "compute-engine-sa",
            "description": "",
            "disabled": false,
            "display_name": "",
            "email": "compute-engine-sa@mostafa-ahmed-gomaa.iam.gserviceaccount.com",
            "id": "projects/mostafa-ahmed-gomaa/serviceAccounts/compute-engine-sa@mostafa-ahmed-gomaa.iam.gserviceaccount.com",
            "name": "projects/mostafa-ahmed-gomaa/serviceAccounts/compute-engine-sa@mostafa-ahmed-gomaa.iam.gserviceaccount.com",
            "project": "mostafa-ahmed-gomaa",
            "timeouts": null,
            "unique_id": "117159105437985581736"
          },
          "sensitive_attributes": [],
          "private": "eyJlMmJmYjczMC1lY2FhLTExZTYtOGY4OC0zNDM2M2JjN2M0YzAiOnsiY3JlYXRlIjozMDAwMDAwMDAwMDB9fQ=="
        }
      ]
    },
    {
      "mode": "managed",
      "type": "google_service_account",
      "name": "gke_service_account",
      "provider": "provider[\"registry.terraform.io/hashicorp/google\"]",
      "instances": [
        {
          "schema_version": 0,
          "attributes": {
            "account_id": "gke-sa",
            "description": "",
            "disabled": false,
            "display_name": "",
            "email": "gke-sa@mostafa-ahmed-gomaa.iam.gserviceaccount.com",
            "id": "projects/mostafa-ahmed-gomaa/serviceAccounts/gke-sa@mostafa-ahmed-gomaa.iam.gserviceaccount.com",
            "name": "projects/mostafa-ahmed-gomaa/serviceAccounts/gke-sa@mostafa-ahmed-gomaa.iam.gserviceaccount.com",
            "project": "mostafa-ahmed-gomaa",
            "timeouts": null,
            "unique_id": "103950081817001939651"
          },
          "sensitive_attributes": [],
          "private": "eyJlMmJmYjczMC1lY2FhLTExZTYtOGY4OC0zNDM2M2JjN2M0YzAiOnsiY3JlYXRlIjozMDAwMDAwMDAwMDB9fQ=="
        }
      ]
    },
    {
      "module": "module.gcp-network",
      "mode": "managed",
      "type": "google_compute_network",
      "name": "task-vpc",
      "provider": "provider[\"registry.terraform.io/hashicorp/google\"]",
      "instances": [
        {
          "schema_version": 0,
          "attributes": {
            "auto_create_subnetworks": false,
            "delete_default_routes_on_create": false,
            "description": "",
            "enable_ula_internal_ipv6": false,
            "gateway_ipv4": "",
            "id": "projects/mostafa-ahmed-gomaa/global/networks/task-vpc",
            "internal_ipv6_range": "",
            "mtu": 0,
            "name": "task-vpc",
            "project": "mostafa-ahmed-gomaa",
            "routing_mode": "REGIONAL",
            "self_link": "https://www.googleapis.com/compute/v1/projects/mostafa-ahmed-gomaa/global/networks/task-vpc",
            "timeouts": null
          },
          "sensitive_attributes": [],
          "private": "eyJlMmJmYjczMC1lY2FhLTExZTYtOGY4OC0zNDM2M2JjN2M0YzAiOnsiY3JlYXRlIjoxMjAwMDAwMDAwMDAwLCJkZWxldGUiOjEyMDAwMDAwMDAwMDAsInVwZGF0ZSI6MTIwMDAwMDAwMDAwMH19"
        }
      ]
    },
    {
      "module": "module.gcp-network",
      "mode": "managed",
      "type": "google_compute_router",
      "name": "nat-router",
      "provider": "provider[\"registry.terraform.io/hashicorp/google\"]",
      "instances": [
        {
          "schema_version": 0,
          "attributes": {
            "bgp": [],
            "creation_timestamp": "2022-10-30T04:38:21.079-07:00",
            "description": "",
            "encrypted_interconnect_router": false,
            "id": "projects/mostafa-ahmed-gomaa/regions/us-central1/routers/router-1",
            "name": "router-1",
            "network": "https://www.googleapis.com/compute/v1/projects/mostafa-ahmed-gomaa/global/networks/task-vpc",
            "project": "mostafa-ahmed-gomaa",
            "region": "us-central1",
            "self_link": "https://www.googleapis.com/compute/v1/projects/mostafa-ahmed-gomaa/regions/us-central1/routers/router-1",
            "timeouts": null
          },
          "sensitive_attributes": [],
          "private": "eyJlMmJmYjczMC1lY2FhLTExZTYtOGY4OC0zNDM2M2JjN2M0YzAiOnsiY3JlYXRlIjoxMjAwMDAwMDAwMDAwLCJkZWxldGUiOjEyMDAwMDAwMDAwMDAsInVwZGF0ZSI6MTIwMDAwMDAwMDAwMH19",
          "dependencies": [
            "module.gcp-network.google_compute_network.task-vpc",
            "module.gcp-network.google_compute_subnetwork.subnet-1"
          ]
        }
      ]
    },
    {
      "module": "module.gcp-network",
      "mode": "managed",
      "type": "google_compute_router_nat",
      "name": "nat-1",
      "provider": "provider[\"registry.terraform.io/hashicorp/google\"]",
      "instances": [
        {
          "schema_version": 0,
          "attributes": {
            "drain_nat_ips": [],
            "enable_dynamic_port_allocation": false,
            "enable_endpoint_independent_mapping": true,
            "icmp_idle_timeout_sec": 30,
            "id": "mostafa-ahmed-gomaa/us-central1/router-1/nat-1",
            "log_config": [],
            "max_ports_per_vm": 0,
            "min_ports_per_vm": 0,
            "name": "nat-1",
            "nat_ip_allocate_option": "AUTO_ONLY",
            "nat_ips": [],
            "project": "mostafa-ahmed-gomaa",
            "region": "us-central1",
            "router": "router-1",
            "source_subnetwork_ip_ranges_to_nat": "LIST_OF_SUBNETWORKS",
            "subnetwork": [
              {
                "name": "https://www.googleapis.com/compute/v1/projects/mostafa-ahmed-gomaa/regions/us-central1/subnetworks/management-subnet",
                "secondary_ip_range_names": [],
                "source_ip_ranges_to_nat": [
                  "ALL_IP_RANGES"
                ]
              }
            ],
            "tcp_established_idle_timeout_sec": 1200,
            "tcp_transitory_idle_timeout_sec": 30,
            "timeouts": null,
            "udp_idle_timeout_sec": 30
          },
          "sensitive_attributes": [],
          "private": "eyJlMmJmYjczMC1lY2FhLTExZTYtOGY4OC0zNDM2M2JjN2M0YzAiOnsiY3JlYXRlIjoxMjAwMDAwMDAwMDAwLCJkZWxldGUiOjEyMDAwMDAwMDAwMDAsInVwZGF0ZSI6MTIwMDAwMDAwMDAwMH19",
          "dependencies": [
            "module.gcp-network.google_compute_network.task-vpc",
            "module.gcp-network.google_compute_router.nat-router",
            "module.gcp-network.google_compute_subnetwork.subnet-1"
          ]
        }
      ]
    },
    {
      "module": "module.gcp-network",
      "mode": "managed",
      "type": "google_compute_subnetwork",
      "name": "subnet-1",
      "provider": "provider[\"registry.terraform.io/hashicorp/google\"]",
      "instances": [
        {
          "schema_version": 0,
          "attributes": {
            "creation_timestamp": "2022-10-30T04:38:07.187-07:00",
            "description": "",
            "external_ipv6_prefix": "",
            "fingerprint": null,
            "gateway_address": "10.0.9.1",
            "id": "projects/mostafa-ahmed-gomaa/regions/us-central1/subnetworks/management-subnet",
            "ip_cidr_range": "10.0.9.0/24",
            "ipv6_access_type": "",
            "ipv6_cidr_range": "",
            "log_config": [],
            "name": "management-subnet",
            "network": "https://www.googleapis.com/compute/v1/projects/mostafa-ahmed-gomaa/global/networks/task-vpc",
            "private_ip_google_access": true,
            "private_ipv6_google_access": "DISABLE_GOOGLE_ACCESS",
            "project": "mostafa-ahmed-gomaa",
            "purpose": "PRIVATE",
            "region": "us-central1",
            "role": "",
            "secondary_ip_range": [],
            "self_link": "https://www.googleapis.com/compute/v1/projects/mostafa-ahmed-gomaa/regions/us-central1/subnetworks/management-subnet",
            "stack_type": "IPV4_ONLY",
            "timeouts": null
          },
          "sensitive_attributes": [],
          "private": "eyJlMmJmYjczMC1lY2FhLTExZTYtOGY4OC0zNDM2M2JjN2M0YzAiOnsiY3JlYXRlIjoxMjAwMDAwMDAwMDAwLCJkZWxldGUiOjEyMDAwMDAwMDAwMDAsInVwZGF0ZSI6MTIwMDAwMDAwMDAwMH19",
          "dependencies": [
            "module.gcp-network.google_compute_network.task-vpc"
          ]
        }
      ]
    },
    {
      "module": "module.gcp-network",
      "mode": "managed",
      "type": "google_compute_subnetwork",
      "name": "subnet-2",
      "provider": "provider[\"registry.terraform.io/hashicorp/google\"]",
      "instances": [
        {
          "schema_version": 0,
          "attributes": {
            "creation_timestamp": "2022-10-30T04:38:07.093-07:00",
            "description": "",
            "external_ipv6_prefix": "",
            "fingerprint": null,
            "gateway_address": "10.0.10.1",
            "id": "projects/mostafa-ahmed-gomaa/regions/us-central1/subnetworks/restricted-subnet",
            "ip_cidr_range": "10.0.10.0/24",
            "ipv6_access_type": "",
            "ipv6_cidr_range": "",
            "log_config": [],
            "name": "restricted-subnet",
            "network": "https://www.googleapis.com/compute/v1/projects/mostafa-ahmed-gomaa/global/networks/task-vpc",
            "private_ip_google_access": true,
            "private_ipv6_google_access": "DISABLE_GOOGLE_ACCESS",
            "project": "mostafa-ahmed-gomaa",
            "purpose": "PRIVATE",
            "region": "us-central1",
            "role": "",
            "secondary_ip_range": [
              {
                "ip_cidr_range": "10.136.0.0/14",
                "range_name": "gke-cluster-1-pods-034d4341"
              },
              {
                "ip_cidr_range": "10.140.0.0/20",
                "range_name": "gke-cluster-1-services-034d4341"
              }
            ],
            "self_link": "https://www.googleapis.com/compute/v1/projects/mostafa-ahmed-gomaa/regions/us-central1/subnetworks/restricted-subnet",
            "stack_type": "IPV4_ONLY",
            "timeouts": null
          },
          "sensitive_attributes": [],
          "private": "eyJlMmJmYjczMC1lY2FhLTExZTYtOGY4OC0zNDM2M2JjN2M0YzAiOnsiY3JlYXRlIjoxMjAwMDAwMDAwMDAwLCJkZWxldGUiOjEyMDAwMDAwMDAwMDAsInVwZGF0ZSI6MTIwMDAwMDAwMDAwMH19",
          "dependencies": [
            "module.gcp-network.google_compute_network.task-vpc"
          ]
        }
      ]
    }
  ],
  "check_results": []
}
